
Microsoft Visual Studio Solution File, Format Version 12.00
# Visual Studio Version 16
VisualStudioVersion = 16.0.29519.181
MinimumVisualStudioVersion = 10.0.40219.1
Project("{FAE04EC0-301F-11D3-BF4B-00C04F79EFBC}") = "Lucene+PanGu", "Lucene+PanGu\Lucene+PanGu.csproj", "{A565A1AF-8EC0-4000-926F-E8E26396C293}"
EndProject
Global
	GlobalSection(SolutionConfigurationPlatforms) = preSolution
		Debug|Any CPU = Debug|Any CPU
		Release|Any CPU = Release|Any CPU
	EndGlobalSection
	GlobalSection(ProjectConfigurationPlatforms) = postSolution
		{A565A1AF-8EC0-4000-926F-E8E26396C293}.Debug|Any CPU.ActiveCfg = Debug|Any CPU
		{A565A1AF-8EC0-4000-926F-E8E26396C293}.Debug|Any CPU.Build.0 = Debug|Any CPU
		{A565A1AF-8EC0-4000-926F-E8E26396C293}.Release|Any CPU.ActiveCfg = Release|Any CPU
		{A565A1AF-8EC0-4000-926F-E8E26396C293}.Release|Any CPU.Build.0 = Release|Any CPU
	EndGlobalSection
	GlobalSection(SolutionProperties) = preSolution
		HideSolutionNode = FALSE
	EndGlobalSection
	GlobalSection(ExtensibilityGlobals) = postSolution
		SolutionGuid = {82225221-D00F-45C0-A669-5D339D248EAB}
	EndGlobalSection
EndGlobal
